
Microsoft Visual Studio Solution File, Format Version 12.00
# Visual Studio Version 17
VisualStudioVersion = 17.0.32014.148
MinimumVisualStudioVersion = 10.0.40219.1
Project("{9A19103F-16F7-4668-BE54-9A1E7A4F7556}") = "SystemLibrary.Common.Net", "SystemLibrary.Common.Net\SystemLibrary.Common.Net.csproj", "{317B62F5-D784-4B10-A050-FB98D97A1CA7}"
EndProject
Project("{9A19103F-16F7-4668-BE54-9A1E7A4F7556}") = "SystemLibrary.Common.Net.Tests", "SystemLibrary.Common.Net.Tests\SystemLibrary.Common.Net.Tests.csproj", "{CDC8BD6B-6286-4687-8D0F-02A0B7D8A70F}"
EndProject
Project("{9A19103F-16F7-4668-BE54-9A1E7A4F7556}") = "SystemLibrary.Common.Net.Benchmarks", "SystemLibrary.Common.Net.Benchmarks\SystemLibrary.Common.Net.Benchmarks.csproj", "{483337FC-3787-42C7-8199-3C4A0945C4E5}"
EndProject
Global
	GlobalSection(SolutionConfigurationPlatforms) = preSolution
		Debug|Any CPU = Debug|Any CPU
		Docs|Any CPU = Docs|Any CPU
		Release|Any CPU = Release|Any CPU
		Unknown|Any CPU = Unknown|Any CPU
	EndGlobalSection
	GlobalSection(ProjectConfigurationPlatforms) = postSolution
		{317B62F5-D784-4B10-A050-FB98D97A1CA7}.Debug|Any CPU.ActiveCfg = Debug|Any CPU
		{317B62F5-D784-4B10-A050-FB98D97A1CA7}.Debug|Any CPU.Build.0 = Debug|Any CPU
		{317B62F5-D784-4B10-A050-FB98D97A1CA7}.Docs|Any CPU.ActiveCfg = Release|Any CPU
		{317B62F5-D784-4B10-A050-FB98D97A1CA7}.Release|Any CPU.ActiveCfg = Release|Any CPU
		{317B62F5-D784-4B10-A050-FB98D97A1CA7}.Release|Any CPU.Build.0 = Release|Any CPU
		{317B62F5-D784-4B10-A050-FB98D97A1CA7}.Unknown|Any CPU.ActiveCfg = Unknown|Any CPU
		{317B62F5-D784-4B10-A050-FB98D97A1CA7}.Unknown|Any CPU.Build.0 = Unknown|Any CPU
		{CDC8BD6B-6286-4687-8D0F-02A0B7D8A70F}.Debug|Any CPU.ActiveCfg = Debug|Any CPU
		{CDC8BD6B-6286-4687-8D0F-02A0B7D8A70F}.Debug|Any CPU.Build.0 = Debug|Any CPU
		{CDC8BD6B-6286-4687-8D0F-02A0B7D8A70F}.Docs|Any CPU.ActiveCfg = Docs|Any CPU
		{CDC8BD6B-6286-4687-8D0F-02A0B7D8A70F}.Docs|Any CPU.Build.0 = Docs|Any CPU
		{CDC8BD6B-6286-4687-8D0F-02A0B7D8A70F}.Release|Any CPU.ActiveCfg = Release|Any CPU
		{CDC8BD6B-6286-4687-8D0F-02A0B7D8A70F}.Release|Any CPU.Build.0 = Release|Any CPU
		{CDC8BD6B-6286-4687-8D0F-02A0B7D8A70F}.Unknown|Any CPU.ActiveCfg = Release|Any CPU
		{483337FC-3787-42C7-8199-3C4A0945C4E5}.Debug|Any CPU.ActiveCfg = Debug|Any CPU
		{483337FC-3787-42C7-8199-3C4A0945C4E5}.Debug|Any CPU.Build.0 = Debug|Any CPU
		{483337FC-3787-42C7-8199-3C4A0945C4E5}.Docs|Any CPU.ActiveCfg = Debug|Any CPU
		{483337FC-3787-42C7-8199-3C4A0945C4E5}.Docs|Any CPU.Build.0 = Debug|Any CPU
		{483337FC-3787-42C7-8199-3C4A0945C4E5}.Release|Any CPU.ActiveCfg = Release|Any CPU
		{483337FC-3787-42C7-8199-3C4A0945C4E5}.Release|Any CPU.Build.0 = Release|Any CPU
		{483337FC-3787-42C7-8199-3C4A0945C4E5}.Unknown|Any CPU.ActiveCfg = Debug|Any CPU
		{483337FC-3787-42C7-8199-3C4A0945C4E5}.Unknown|Any CPU.Build.0 = Debug|Any CPU
	EndGlobalSection
	GlobalSection(SolutionProperties) = preSolution
		HideSolutionNode = FALSE
	EndGlobalSection
	GlobalSection(ExtensibilityGlobals) = postSolution
		SolutionGuid = {D7C16384-CD29-48B4-B5E8-491B78138BCD}
	EndGlobalSection
EndGlobal
